
Microsoft Visual Studio Solution File, Format Version 12.00
# Visual Studio Version 17
VisualStudioVersion = 17.0.32014.148
MinimumVisualStudioVersion = 10.0.40219.1
Project("{FAE04EC0-301F-11D3-BF4B-00C04F79EFBC}") = "WalletManagement", "WalletManagement\WalletManagement.csproj", "{2CDF4153-1019-406A-85E0-2DB4EEB2C02C}"
EndProject
Global
	GlobalSection(SolutionConfigurationPlatforms) = preSolution
		Debug|Any CPU = Debug|Any CPU
		Release|Any CPU = Release|Any CPU
	EndGlobalSection
	GlobalSection(ProjectConfigurationPlatforms) = postSolution
		{2CDF4153-1019-406A-85E0-2DB4EEB2C02C}.Debug|Any CPU.ActiveCfg = Debug|Any CPU
		{2CDF4153-1019-406A-85E0-2DB4EEB2C02C}.Debug|Any CPU.Build.0 = Debug|Any CPU
		{2CDF4153-1019-406A-85E0-2DB4EEB2C02C}.Release|Any CPU.ActiveCfg = Release|Any CPU
		{2CDF4153-1019-406A-85E0-2DB4EEB2C02C}.Release|Any CPU.Build.0 = Release|Any CPU
	EndGlobalSection
	GlobalSection(SolutionProperties) = preSolution
		HideSolutionNode = FALSE
	EndGlobalSection
	GlobalSection(ExtensibilityGlobals) = postSolution
		SolutionGuid = {18CD95EB-0B01-450B-A286-1B50755A2832}
	EndGlobalSection
EndGlobal
